
Microsoft Visual Studio Solution File, Format Version 12.00
# Visual Studio 15
VisualStudioVersion = 15.0.26730.16
MinimumVisualStudioVersion = 10.0.40219.1
Project("{FAE04EC0-301F-11D3-BF4B-00C04F79EFBC}") = "Ranges", "Ranges\Ranges.csproj", "{90DC5DB6-EE05-4DB6-95D3-995A969EABA6}"
EndProject
Project("{FAE04EC0-301F-11D3-BF4B-00C04F79EFBC}") = "Vectors", "Vectors\Vectors.csproj", "{E6F8B14C-C14E-45C5-97C3-789EA269A0D2}"
EndProject
Project("{FAE04EC0-301F-11D3-BF4B-00C04F79EFBC}") = "Shapes", "Shapes\Shapes.csproj", "{53870870-AF94-4FD8-A211-09B2EA38FCEE}"
EndProject
Project("{FAE04EC0-301F-11D3-BF4B-00C04F79EFBC}") = "Matrixes", "Matrixes\Matrixes.csproj", "{A4059698-FBA8-49B8-BD0A-53A13A38D7C5}"
EndProject
Project("{FAE04EC0-301F-11D3-BF4B-00C04F79EFBC}") = "Lists", "Lists\Lists.csproj", "{A04DA2B3-51CF-43A8-B06F-15C4FCCB51C7}"
EndProject
Project("{FAE04EC0-301F-11D3-BF4B-00C04F79EFBC}") = "ArrayLists", "ArrayLists\ArrayLists.csproj", "{67AEBC37-C494-4F12-BF41-4868AB676BAB}"
EndProject
Project("{FAE04EC0-301F-11D3-BF4B-00C04F79EFBC}") = "HashTables", "HashTables\HashTables.csproj", "{E4E227D7-F8DE-48B5-9838-4EBA44E0039E}"
EndProject
Project("{FAE04EC0-301F-11D3-BF4B-00C04F79EFBC}") = "Trees", "Trees\Trees.csproj", "{93B359D1-043A-4D85-A57F-5D1809B95233}"
EndProject
Project("{FAE04EC0-301F-11D3-BF4B-00C04F79EFBC}") = "Graphs", "Graphs\Graphs.csproj", "{75CF7DAF-462B-428D-92AA-1754B4DEDB84}"
EndProject
Project("{FAE04EC0-301F-11D3-BF4B-00C04F79EFBC}") = "ArrayListHome", "ArrayListHome\ArrayListHome.csproj", "{34D5AA83-A38C-4FBD-9A75-ACE3778A4B18}"
EndProject
Project("{FAE04EC0-301F-11D3-BF4B-00C04F79EFBC}") = "StackCalculator", "Calculator\StackCalculator.csproj", "{76DE6E64-6625-4764-8DD7-D702CF327F89}"
EndProject
Global
	GlobalSection(SolutionConfigurationPlatforms) = preSolution
		Debug|Any CPU = Debug|Any CPU
		Release|Any CPU = Release|Any CPU
	EndGlobalSection
	GlobalSection(ProjectConfigurationPlatforms) = postSolution
		{90DC5DB6-EE05-4DB6-95D3-995A969EABA6}.Debug|Any CPU.ActiveCfg = Debug|Any CPU
		{90DC5DB6-EE05-4DB6-95D3-995A969EABA6}.Debug|Any CPU.Build.0 = Debug|Any CPU
		{90DC5DB6-EE05-4DB6-95D3-995A969EABA6}.Release|Any CPU.ActiveCfg = Release|Any CPU
		{90DC5DB6-EE05-4DB6-95D3-995A969EABA6}.Release|Any CPU.Build.0 = Release|Any CPU
		{E6F8B14C-C14E-45C5-97C3-789EA269A0D2}.Debug|Any CPU.ActiveCfg = Debug|Any CPU
		{E6F8B14C-C14E-45C5-97C3-789EA269A0D2}.Debug|Any CPU.Build.0 = Debug|Any CPU
		{E6F8B14C-C14E-45C5-97C3-789EA269A0D2}.Release|Any CPU.ActiveCfg = Release|Any CPU
		{E6F8B14C-C14E-45C5-97C3-789EA269A0D2}.Release|Any CPU.Build.0 = Release|Any CPU
		{53870870-AF94-4FD8-A211-09B2EA38FCEE}.Debug|Any CPU.ActiveCfg = Debug|Any CPU
		{53870870-AF94-4FD8-A211-09B2EA38FCEE}.Debug|Any CPU.Build.0 = Debug|Any CPU
		{53870870-AF94-4FD8-A211-09B2EA38FCEE}.Release|Any CPU.ActiveCfg = Release|Any CPU
		{53870870-AF94-4FD8-A211-09B2EA38FCEE}.Release|Any CPU.Build.0 = Release|Any CPU
		{A4059698-FBA8-49B8-BD0A-53A13A38D7C5}.Debug|Any CPU.ActiveCfg = Debug|Any CPU
		{A4059698-FBA8-49B8-BD0A-53A13A38D7C5}.Debug|Any CPU.Build.0 = Debug|Any CPU
		{A4059698-FBA8-49B8-BD0A-53A13A38D7C5}.Release|Any CPU.ActiveCfg = Release|Any CPU
		{A4059698-FBA8-49B8-BD0A-53A13A38D7C5}.Release|Any CPU.Build.0 = Release|Any CPU
		{A04DA2B3-51CF-43A8-B06F-15C4FCCB51C7}.Debug|Any CPU.ActiveCfg = Debug|Any CPU
		{A04DA2B3-51CF-43A8-B06F-15C4FCCB51C7}.Debug|Any CPU.Build.0 = Debug|Any CPU
		{A04DA2B3-51CF-43A8-B06F-15C4FCCB51C7}.Release|Any CPU.ActiveCfg = Release|Any CPU
		{A04DA2B3-51CF-43A8-B06F-15C4FCCB51C7}.Release|Any CPU.Build.0 = Release|Any CPU
		{67AEBC37-C494-4F12-BF41-4868AB676BAB}.Debug|Any CPU.ActiveCfg = Debug|Any CPU
		{67AEBC37-C494-4F12-BF41-4868AB676BAB}.Debug|Any CPU.Build.0 = Debug|Any CPU
		{67AEBC37-C494-4F12-BF41-4868AB676BAB}.Release|Any CPU.ActiveCfg = Release|Any CPU
		{67AEBC37-C494-4F12-BF41-4868AB676BAB}.Release|Any CPU.Build.0 = Release|Any CPU
		{E4E227D7-F8DE-48B5-9838-4EBA44E0039E}.Debug|Any CPU.ActiveCfg = Debug|Any CPU
		{E4E227D7-F8DE-48B5-9838-4EBA44E0039E}.Debug|Any CPU.Build.0 = Debug|Any CPU
		{E4E227D7-F8DE-48B5-9838-4EBA44E0039E}.Release|Any CPU.ActiveCfg = Release|Any CPU
		{E4E227D7-F8DE-48B5-9838-4EBA44E0039E}.Release|Any CPU.Build.0 = Release|Any CPU
		{93B359D1-043A-4D85-A57F-5D1809B95233}.Debug|Any CPU.ActiveCfg = Debug|Any CPU
		{93B359D1-043A-4D85-A57F-5D1809B95233}.Debug|Any CPU.Build.0 = Debug|Any CPU
		{93B359D1-043A-4D85-A57F-5D1809B95233}.Release|Any CPU.ActiveCfg = Release|Any CPU
		{93B359D1-043A-4D85-A57F-5D1809B95233}.Release|Any CPU.Build.0 = Release|Any CPU
		{75CF7DAF-462B-428D-92AA-1754B4DEDB84}.Debug|Any CPU.ActiveCfg = Debug|Any CPU
		{75CF7DAF-462B-428D-92AA-1754B4DEDB84}.Debug|Any CPU.Build.0 = Debug|Any CPU
		{75CF7DAF-462B-428D-92AA-1754B4DEDB84}.Release|Any CPU.ActiveCfg = Release|Any CPU
		{75CF7DAF-462B-428D-92AA-1754B4DEDB84}.Release|Any CPU.Build.0 = Release|Any CPU
		{34D5AA83-A38C-4FBD-9A75-ACE3778A4B18}.Debug|Any CPU.ActiveCfg = Debug|Any CPU
		{34D5AA83-A38C-4FBD-9A75-ACE3778A4B18}.Debug|Any CPU.Build.0 = Debug|Any CPU
		{34D5AA83-A38C-4FBD-9A75-ACE3778A4B18}.Release|Any CPU.ActiveCfg = Release|Any CPU
		{34D5AA83-A38C-4FBD-9A75-ACE3778A4B18}.Release|Any CPU.Build.0 = Release|Any CPU
		{76DE6E64-6625-4764-8DD7-D702CF327F89}.Debug|Any CPU.ActiveCfg = Debug|Any CPU
		{76DE6E64-6625-4764-8DD7-D702CF327F89}.Debug|Any CPU.Build.0 = Debug|Any CPU
		{76DE6E64-6625-4764-8DD7-D702CF327F89}.Release|Any CPU.ActiveCfg = Release|Any CPU
		{76DE6E64-6625-4764-8DD7-D702CF327F89}.Release|Any CPU.Build.0 = Release|Any CPU
	EndGlobalSection
	GlobalSection(SolutionProperties) = preSolution
		HideSolutionNode = FALSE
	EndGlobalSection
	GlobalSection(ExtensibilityGlobals) = postSolution
		SolutionGuid = {B8CD109F-8FF9-4D6A-9EA6-0FF81DC32F5B}
	EndGlobalSection
EndGlobal
